<?xml version="1.0" encoding="utf-8"?>
<Project ToolsVersion="4.0" xmlns="http://schemas.microsoft.com/developer/msbuild/2003">
  <ItemGroup>
    <Filter Include="소스 파일">
      <UniqueIdentifier>{4FC737F1-C7A5-4376-A066-2A32D752A2FF}</UniqueIdentifier>
      <Extensions>cpp;c;cc;cxx;c++;cppm;ixx;def;odl;idl;hpj;bat;asm;asmx</Extensions>
    </Filter>
    <Filter Include="헤더 파일">
      <UniqueIdentifier>{93995380-89BD-4b04-88EB-625FBE52EBFB}</UniqueIdentifier>
      <Extensions>h;hh;hpp;hxx;h++;hm;inl;inc;ipp;xsd</Extensions>
    </Filter>
    <Filter Include="리소스 파일">
      <UniqueIdentifier>{67DA6AB6-F800-4c08-8B7A-83BB121AAD01}</UniqueIdentifier>
      <Extensions>rc;ico;cur;bmp;dlg;rc2;rct;bin;rgs;gif;jpg;jpeg;jpe;resx;tiff;tif;png;wav;mfcribbon-ms</Extensions>
    </Filter>
    <Filter Include="헤더 파일\Headers">
      <UniqueIdentifier>{0c8b393b-834e-462c-b719-ad7adef96561}</UniqueIdentifier>
    </Filter>
    <Filter Include="소스 파일\00.MainUpdate">
      <UniqueIdentifier>{612265c3-8338-4401-9dcf-ec2203de357a}</UniqueIdentifier>
    </Filter>
    <Filter Include="소스 파일\01.GameObject">
      <UniqueIdentifier>{066ab50a-fe23-4a8f-8516-549029b9fa47}</UniqueIdentifier>
    </Filter>
    <Filter Include="소스 파일\01.GameObject\Player">
      <UniqueIdentifier>{a39aa859-a5fd-42dd-9aaa-cf7c0bcfaa07}</UniqueIdentifier>
    </Filter>
    <Filter Include="소스 파일\01.GameObject\Bullet">
      <UniqueIdentifier>{a1414d65-d9f9-485c-aa2e-ff5d90f53c6e}</UniqueIdentifier>
    </Filter>
    <Filter Include="헤더 파일\Include">
      <UniqueIdentifier>{7729055e-f89c-4f48-9e63-870e812412c8}</UniqueIdentifier>
    </Filter>
    <Filter Include="소스 파일\01.GameObject\Enemy">
      <UniqueIdentifier>{53ca5b45-d34e-4067-aedf-18b267954fb4}</UniqueIdentifier>
    </Filter>
    <Filter Include="헤더 파일\Global">
      <UniqueIdentifier>{a7ffe63a-1d9f-4d44-b58f-a49c7e7c9ef9}</UniqueIdentifier>
    </Filter>
    <Filter Include="소스 파일\99.Manager">
      <UniqueIdentifier>{ae86b31e-dd08-485f-b574-72383a2afb33}</UniqueIdentifier>
    </Filter>
    <Filter Include="소스 파일\99.Manager\ObjectManager">
      <UniqueIdentifier>{95d508af-426d-41ee-a167-78470e8c2893}</UniqueIdentifier>
    </Filter>
    <Filter Include="소스 파일\99.Manager\CollisionManager">
      <UniqueIdentifier>{dacca532-8529-452d-bd53-37508da0df3b}</UniqueIdentifier>
    </Filter>
    <Filter Include="소스 파일\99.Manager\SceneManager">
      <UniqueIdentifier>{5c506220-fbe4-44ba-800e-85631c9d1044}</UniqueIdentifier>
    </Filter>
    <Filter Include="소스 파일\02.Scene">
      <UniqueIdentifier>{e0c8b785-59e0-451e-ae00-88fe6c038211}</UniqueIdentifier>
    </Filter>
    <Filter Include="소스 파일\02.Scene\Logo">
      <UniqueIdentifier>{ee873de5-058e-400e-b4b8-5673184e2b4d}</UniqueIdentifier>
    </Filter>
    <Filter Include="소스 파일\02.Scene\Menu">
      <UniqueIdentifier>{353dc4a5-c492-418c-9575-0f63f75de1a7}</UniqueIdentifier>
    </Filter>
    <Filter Include="소스 파일\02.Scene\Stage">
      <UniqueIdentifier>{041b686f-a601-4c31-8f60-4fa173dc1e4e}</UniqueIdentifier>
    </Filter>
    <Filter Include="소스 파일\99.Manager\InputManager">
      <UniqueIdentifier>{9439920d-8439-4641-96aa-30e2d4ae3aed}</UniqueIdentifier>
    </Filter>
    <Filter Include="소스 파일\98.Pattern">
      <UniqueIdentifier>{e54f3094-6046-4727-86d4-be41d306fd31}</UniqueIdentifier>
    </Filter>
    <Filter Include="소스 파일\99.Manager\Factory">
      <UniqueIdentifier>{2fa07d2e-a1a3-4339-8f12-19a8aaff5a17}</UniqueIdentifier>
    </Filter>
    <Filter Include="소스 파일\98.Pattern\ObjectPool">
      <UniqueIdentifier>{2a6ff216-016b-42bf-a339-febef19d293c}</UniqueIdentifier>
    </Filter>
    <Filter Include="소스 파일\98.Pattern\Bridge">
      <UniqueIdentifier>{b5fa5045-e54b-4f6f-af9e-622a17fd3b77}</UniqueIdentifier>
    </Filter>
    <Filter Include="소스 파일\01.GameObject\Bullet\BulletBridge">
      <UniqueIdentifier>{01bacddd-b111-48c5-8472-344a1b4bcd84}</UniqueIdentifier>
    </Filter>
    <Filter Include="소스 파일\01.GameObject\Bullet\NormalBullet">
      <UniqueIdentifier>{8b326574-5043-402d-8538-478fcc0a16d8}</UniqueIdentifier>
    </Filter>
    <Filter Include="소스 파일\01.GameObject\Bullet\GuideBullet">
      <UniqueIdentifier>{7f5cf8f6-94df-4122-afcc-baf6cd66c654}</UniqueIdentifier>
    </Filter>
  </ItemGroup>
  <ItemGroup>
    <ClInclude Include="framework.h">
      <Filter>헤더 파일\Headers</Filter>
    </ClInclude>
    <ClInclude Include="Resource.h">
      <Filter>헤더 파일\Headers</Filter>
    </ClInclude>
    <ClInclude Include="targetver.h">
      <Filter>헤더 파일\Headers</Filter>
    </ClInclude>
    <ClInclude Include="WIN32Framework.h">
      <Filter>헤더 파일\Headers</Filter>
    </ClInclude>
    <ClInclude Include="Define.h">
      <Filter>헤더 파일\Include</Filter>
    </ClInclude>
    <ClInclude Include="Include.h">
      <Filter>헤더 파일\Include</Filter>
    </ClInclude>
    <ClInclude Include="MainUpdate.h">
      <Filter>소스 파일\00.MainUpdate</Filter>
    </ClInclude>
    <ClInclude Include="Struct.h">
      <Filter>헤더 파일\Include</Filter>
    </ClInclude>
    <ClInclude Include="Player.h">
      <Filter>소스 파일\01.GameObject\Player</Filter>
    </ClInclude>
    <ClInclude Include="Bullet.h">
      <Filter>소스 파일\01.GameObject\Bullet</Filter>
    </ClInclude>
    <ClInclude Include="Enemy.h">
      <Filter>소스 파일\01.GameObject\Enemy</Filter>
    </ClInclude>
    <ClInclude Include="GameObject.h">
      <Filter>소스 파일\01.GameObject</Filter>
    </ClInclude>
    <ClInclude Include="G_Enemy.h">
      <Filter>헤더 파일\Global</Filter>
    </ClInclude>
    <ClInclude Include="ObjectManager.h">
      <Filter>소스 파일\99.Manager\ObjectManager</Filter>
    </ClInclude>
    <ClInclude Include="CollisionManager.h">
      <Filter>소스 파일\99.Manager\CollisionManager</Filter>
    </ClInclude>
    <ClInclude Include="SceneManager.h">
      <Filter>소스 파일\99.Manager\SceneManager</Filter>
    </ClInclude>
    <ClInclude Include="Enum.h">
      <Filter>헤더 파일\Include</Filter>
    </ClInclude>
    <ClInclude Include="Scene.h">
      <Filter>소스 파일\02.Scene</Filter>
    </ClInclude>
    <ClInclude Include="Logo.h">
      <Filter>소스 파일\02.Scene\Logo</Filter>
    </ClInclude>
    <ClInclude Include="Menu.h">
      <Filter>소스 파일\02.Scene\Menu</Filter>
    </ClInclude>
    <ClInclude Include="Stage.h">
      <Filter>소스 파일\02.Scene\Stage</Filter>
    </ClInclude>
    <ClInclude Include="InputManager.h">
      <Filter>소스 파일\99.Manager\InputManager</Filter>
    </ClInclude>
    <ClInclude Include="Prototype.h">
      <Filter>소스 파일\98.Pattern</Filter>
    </ClInclude>
    <ClInclude Include="ObjectFactory.h">
      <Filter>소스 파일\99.Manager\Factory</Filter>
    </ClInclude>
    <ClInclude Include="ObjectPool.h">
      <Filter>소스 파일\98.Pattern\ObjectPool</Filter>
    </ClInclude>
    <ClInclude Include="Bridge.h">
      <Filter>소스 파일\98.Pattern\Bridge</Filter>
    </ClInclude>
    <ClInclude Include="BulletBridge.h">
      <Filter>소스 파일\01.GameObject\Bullet\BulletBridge</Filter>
    </ClInclude>
    <ClInclude Include="NormalBullet.h">
      <Filter>소스 파일\01.GameObject\Bullet\NormalBullet</Filter>
    </ClInclude>
    <ClInclude Include="GuideBullet.h">
      <Filter>소스 파일\01.GameObject\Bullet\GuideBullet</Filter>
    </ClInclude>
  </ItemGroup>
  <ItemGroup>
    <ClCompile Include="WIN32Framework.cpp">
      <Filter>소스 파일</Filter>
    </ClCompile>
    <ClCompile Include="MainUpdate.cpp">
      <Filter>소스 파일\00.MainUpdate</Filter>
    </ClCompile>
    <ClCompile Include="Player.cpp">
      <Filter>소스 파일\01.GameObject\Player</Filter>
    </ClCompile>
    <ClCompile Include="Bullet.cpp">
      <Filter>소스 파일\01.GameObject\Bullet</Filter>
    </ClCompile>
    <ClCompile Include="Enemy.cpp">
      <Filter>소스 파일\01.GameObject\Enemy</Filter>
    </ClCompile>
    <ClCompile Include="GameObject.cpp">
      <Filter>소스 파일\01.GameObject</Filter>
    </ClCompile>
    <ClCompile Include="ObjectManager.cpp">
      <Filter>소스 파일\99.Manager\ObjectManager</Filter>
    </ClCompile>
    <ClCompile Include="SceneManager.cpp">
      <Filter>소스 파일\99.Manager\SceneManager</Filter>
    </ClCompile>
    <ClCompile Include="Scene.cpp">
      <Filter>소스 파일\02.Scene</Filter>
    </ClCompile>
    <ClCompile Include="Logo.cpp">
      <Filter>소스 파일\02.Scene\Logo</Filter>
    </ClCompile>
    <ClCompile Include="Menu.cpp">
      <Filter>소스 파일\02.Scene\Menu</Filter>
    </ClCompile>
    <ClCompile Include="Stage.cpp">
      <Filter>소스 파일\02.Scene\Stage</Filter>
    </ClCompile>
    <ClCompile Include="InputManager.cpp">
      <Filter>소스 파일\99.Manager\InputManager</Filter>
    </ClCompile>
    <ClCompile Include="Prototype.cpp">
      <Filter>소스 파일\98.Pattern</Filter>
    </ClCompile>
    <ClCompile Include="ObjectPool.cpp">
      <Filter>소스 파일\98.Pattern\ObjectPool</Filter>
    </ClCompile>
    <ClCompile Include="NormalBullet.cpp">
      <Filter>소스 파일\01.GameObject\Bullet\NormalBullet</Filter>
    </ClCompile>
    <ClCompile Include="GuideBullet.cpp">
      <Filter>소스 파일\01.GameObject\Bullet\GuideBullet</Filter>
    </ClCompile>
  </ItemGroup>
  <ItemGroup>
    <ResourceCompile Include="WIN32Framework.rc">
      <Filter>리소스 파일</Filter>
    </ResourceCompile>
  </ItemGroup>
  <ItemGroup>
    <Image Include="small.ico">
      <Filter>리소스 파일</Filter>
    </Image>
    <Image Include="WIN32Framework.ico">
      <Filter>리소스 파일</Filter>
    </Image>
  </ItemGroup>
</Project>